
Microsoft Visual Studio Solution File, Format Version 12.00
# Visual Studio Version 16
VisualStudioVersion = 16.0.30804.86
MinimumVisualStudioVersion = 10.0.40219.1
Project("{9A19103F-16F7-4668-BE54-9A1E7A4F7556}") = "MelfsMagicStore_Web", "MelfsMagicStore_Web\MelfsMagicStore_Web.csproj", "{F192AA60-5AF1-4BEC-AE71-308BB4B4B17F}"
EndProject
Project("{FAE04EC0-301F-11D3-BF4B-00C04F79EFBC}") = "BusinessLogicLayer", "BusinessLogicLayer\BusinessLogicLayer.csproj", "{E6B0EBCE-1F38-496C-87C4-F55F927C5E85}"
EndProject
Project("{FAE04EC0-301F-11D3-BF4B-00C04F79EFBC}") = "RepositoryLayer", "RepositoryLayer\RepositoryLayer.csproj", "{EB758D33-F7D7-4148-A079-DA83C2375586}"
EndProject
Project("{FAE04EC0-301F-11D3-BF4B-00C04F79EFBC}") = "ModelLayer", "ModelLayer\ModelLayer.csproj", "{9D309834-5823-478B-BF22-C3F373C824C9}"
EndProject
Global
	GlobalSection(SolutionConfigurationPlatforms) = preSolution
		Debug|Any CPU = Debug|Any CPU
		Release|Any CPU = Release|Any CPU
	EndGlobalSection
	GlobalSection(ProjectConfigurationPlatforms) = postSolution
		{F192AA60-5AF1-4BEC-AE71-308BB4B4B17F}.Debug|Any CPU.ActiveCfg = Debug|Any CPU
		{F192AA60-5AF1-4BEC-AE71-308BB4B4B17F}.Debug|Any CPU.Build.0 = Debug|Any CPU
		{F192AA60-5AF1-4BEC-AE71-308BB4B4B17F}.Release|Any CPU.ActiveCfg = Release|Any CPU
		{F192AA60-5AF1-4BEC-AE71-308BB4B4B17F}.Release|Any CPU.Build.0 = Release|Any CPU
		{E6B0EBCE-1F38-496C-87C4-F55F927C5E85}.Debug|Any CPU.ActiveCfg = Debug|Any CPU
		{E6B0EBCE-1F38-496C-87C4-F55F927C5E85}.Debug|Any CPU.Build.0 = Debug|Any CPU
		{E6B0EBCE-1F38-496C-87C4-F55F927C5E85}.Release|Any CPU.ActiveCfg = Release|Any CPU
		{E6B0EBCE-1F38-496C-87C4-F55F927C5E85}.Release|Any CPU.Build.0 = Release|Any CPU
		{EB758D33-F7D7-4148-A079-DA83C2375586}.Debug|Any CPU.ActiveCfg = Debug|Any CPU
		{EB758D33-F7D7-4148-A079-DA83C2375586}.Debug|Any CPU.Build.0 = Debug|Any CPU
		{EB758D33-F7D7-4148-A079-DA83C2375586}.Release|Any CPU.ActiveCfg = Release|Any CPU
		{EB758D33-F7D7-4148-A079-DA83C2375586}.Release|Any CPU.Build.0 = Release|Any CPU
		{9D309834-5823-478B-BF22-C3F373C824C9}.Debug|Any CPU.ActiveCfg = Debug|Any CPU
		{9D309834-5823-478B-BF22-C3F373C824C9}.Debug|Any CPU.Build.0 = Debug|Any CPU
		{9D309834-5823-478B-BF22-C3F373C824C9}.Release|Any CPU.ActiveCfg = Release|Any CPU
		{9D309834-5823-478B-BF22-C3F373C824C9}.Release|Any CPU.Build.0 = Release|Any CPU
	EndGlobalSection
	GlobalSection(SolutionProperties) = preSolution
		HideSolutionNode = FALSE
	EndGlobalSection
	GlobalSection(ExtensibilityGlobals) = postSolution
		SolutionGuid = {A66FE0BC-0650-4B66-94BF-75364A31431B}
	EndGlobalSection
EndGlobal
